// !$*UTF8*$!
{
	archiveVersion = 1;
	classes = {
	};
	objectVersion = 50;
	objects = {

/* Begin PBXBuildFile section */
		055D3464293E2073005FE296 /* AjouterViewController.swift in Sources */ = {isa = PBXBuildFile; fileRef = 055D3463293E2073005FE296 /* AjouterViewController.swift */; };
		057BF1372918E722009DD86C /* AppDelegate.swift in Sources */ = {isa = PBXBuildFile; fileRef = 057BF1362918E722009DD86C /* AppDelegate.swift */; };
		057BF1392918E722009DD86C /* SceneDelegate.swift in Sources */ = {isa = PBXBuildFile; fileRef = 057BF1382918E722009DD86C /* SceneDelegate.swift */; };
		057BF13B2918E722009DD86C /* ViewController.swift in Sources */ = {isa = PBXBuildFile; fileRef = 057BF13A2918E722009DD86C /* ViewController.swift */; };
		057BF13E2918E722009DD86C /* Main.storyboard in Resources */ = {isa = PBXBuildFile; fileRef = 057BF13C2918E722009DD86C /* Main.storyboard */; };
		057BF1402918E729009DD86C /* Assets.xcassets in Resources */ = {isa = PBXBuildFile; fileRef = 057BF13F2918E729009DD86C /* Assets.xcassets */; };
		057BF1432918E729009DD86C /* LaunchScreen.storyboard in Resources */ = {isa = PBXBuildFile; fileRef = 057BF1412918E729009DD86C /* LaunchScreen.storyboard */; };
		057BF14C2918E804009DD86C /* Todo.swift in Sources */ = {isa = PBXBuildFile; fileRef = 057BF14B2918E804009DD86C /* Todo.swift */; };
		057BF1502918EC58009DD86C /* TableViewCell.swift in Sources */ = {isa = PBXBuildFile; fileRef = 057BF14F2918EC58009DD86C /* TableViewCell.swift */; };
		057BF1532918F717009DD86C /* ToDoList.swift in Sources */ = {isa = PBXBuildFile; fileRef = 057BF1522918F717009DD86C /* ToDoList.swift */; };
		05C4A3D02936151600762BC2 /* DetailViewController.swift in Sources */ = {isa = PBXBuildFile; fileRef = 05C4A3CF2936151600762BC2 /* DetailViewController.swift */; };
/* End PBXBuildFile section */

/* Begin PBXFileReference section */
		055D3463293E2073005FE296 /* AjouterViewController.swift */ = {isa = PBXFileReference; lastKnownFileType = sourcecode.swift; path = AjouterViewController.swift; sourceTree = "<group>"; };
		057BF1332918E722009DD86C /* TPDevoucoux.app */ = {isa = PBXFileReference; explicitFileType = wrapper.application; includeInIndex = 0; path = TPDevoucoux.app; sourceTree = BUILT_PRODUCTS_DIR; };
		057BF1362918E722009DD86C /* AppDelegate.swift */ = {isa = PBXFileReference; lastKnownFileType = sourcecode.swift; path = AppDelegate.swift; sourceTree = "<group>"; };
		057BF1382918E722009DD86C /* SceneDelegate.swift */ = {isa = PBXFileReference; lastKnownFileType = sourcecode.swift; path = SceneDelegate.swift; sourceTree = "<group>"; };
		057BF13A2918E722009DD86C /* ViewController.swift */ = {isa = PBXFileReference; lastKnownFileType = sourcecode.swift; path = ViewController.swift; sourceTree = "<group>"; };
		057BF13D2918E722009DD86C /* Base */ = {isa = PBXFileReference; lastKnownFileType = file.storyboard; name = Base; path = Base.lproj/Main.storyboard; sourceTree = "<group>"; };
		057BF13F2918E729009DD86C /* Assets.xcassets */ = {isa = PBXFileReference; lastKnownFileType = folder.assetcatalog; path = Assets.xcassets; sourceTree = "<group>"; };
		057BF1422918E729009DD86C /* Base */ = {isa = PBXFileReference; lastKnownFileType = file.storyboard; name = Base; path = Base.lproj/LaunchScreen.storyboard; sourceTree = "<group>"; };
		057BF1442918E729009DD86C /* Info.plist */ = {isa = PBXFileReference; lastKnownFileType = text.plist.xml; path = Info.plist; sourceTree = "<group>"; };
		057BF14B2918E804009DD86C /* Todo.swift */ = {isa = PBXFileReference; lastKnownFileType = sourcecode.swift; path = Todo.swift; sourceTree = "<group>"; };
		057BF14F2918EC58009DD86C /* TableViewCell.swift */ = {isa = PBXFileReference; lastKnownFileType = sourcecode.swift; path = TableViewCell.swift; sourceTree = "<group>"; };
		057BF1522918F717009DD86C /* ToDoList.swift */ = {isa = PBXFileReference; lastKnownFileType = sourcecode.swift; path = ToDoList.swift; sourceTree = "<group>"; };
		05C4A3CF2936151600762BC2 /* DetailViewController.swift */ = {isa = PBXFileReference; lastKnownFileType = sourcecode.swift; path = DetailViewController.swift; sourceTree = "<group>"; };
/* End PBXFileReference section */

/* Begin PBXFrameworksBuildPhase section */
		057BF1302918E722009DD86C /* Frameworks */ = {
			isa = PBXFrameworksBuildPhase;
			buildActionMask = 2147483647;
			files = (
			);
			runOnlyForDeploymentPostprocessing = 0;
		};
/* End PBXFrameworksBuildPhase section */

/* Begin PBXGroup section */
		057BF12A2918E722009DD86C = {
			isa = PBXGroup;
			children = (
				057BF1352918E722009DD86C /* TPDevoucoux */,
				057BF1342918E722009DD86C /* Products */,
			);
			sourceTree = "<group>";
		};
		057BF1342918E722009DD86C /* Products */ = {
			isa = PBXGroup;
			children = (
				057BF1332918E722009DD86C /* TPDevoucoux.app */,
			);
			name = Products;
			sourceTree = "<group>";
		};
		057BF1352918E722009DD86C /* TPDevoucoux */ = {
			isa = PBXGroup;
			children = (
				057BF1362918E722009DD86C /* AppDelegate.swift */,
				057BF1382918E722009DD86C /* SceneDelegate.swift */,
				057BF13A2918E722009DD86C /* ViewController.swift */,
				057BF1522918F717009DD86C /* ToDoList.swift */,
				057BF13C2918E722009DD86C /* Main.storyboard */,
				055D3463293E2073005FE296 /* AjouterViewController.swift */,
				05C4A3CF2936151600762BC2 /* DetailViewController.swift */,
				057BF14F2918EC58009DD86C /* TableViewCell.swift */,
				057BF13F2918E729009DD86C /* Assets.xcassets */,
				057BF1412918E729009DD86C /* LaunchScreen.storyboard */,
				057BF1442918E729009DD86C /* Info.plist */,
				057BF14B2918E804009DD86C /* Todo.swift */,
			);
			path = TPDevoucoux;
			sourceTree = "<group>";
		};
/* End PBXGroup section */

/* Begin PBXNativeTarget section */
		057BF1322918E722009DD86C /* TPDevoucoux */ = {
			isa = PBXNativeTarget;
			buildConfigurationList = 057BF1472918E729009DD86C /* Build configuration list for PBXNativeTarget "TPDevoucoux" */;
			buildPhases = (
				057BF12F2918E722009DD86C /* Sources */,
				057BF1302918E722009DD86C /* Frameworks */,
				057BF1312918E722009DD86C /* Resources */,
			);
			buildRules = (
			);
			dependencies = (
			);
			name = TPDevoucoux;
			productName = TPDevoucoux;
			productReference = 057BF1332918E722009DD86C /* TPDevoucoux.app */;
			productType = "com.apple.product-type.application";
		};
/* End PBXNativeTarget section */

/* Begin PBXProject section */
		057BF12B2918E722009DD86C /* Project object */ = {
			isa = PBXProject;
			attributes = {
				LastSwiftUpdateCheck = 1200;
				LastUpgradeCheck = 1200;
				TargetAttributes = {
					057BF1322918E722009DD86C = {
						CreatedOnToolsVersion = 12.0.1;
					};
				};
			};
			buildConfigurationList = 057BF12E2918E722009DD86C /* Build configuration list for PBXProject "TPDevoucoux" */;
			compatibilityVersion = "Xcode 9.3";
			developmentRegion = en;
			hasScannedForEncodings = 0;
			knownRegions = (
				en,
				Base,
			);
			mainGroup = 057BF12A2918E722009DD86C;
			productRefGroup = 057BF1342918E722009DD86C /* Products */;
			projectDirPath = "";
			projectRoot = "";
			targets = (
				057BF1322918E722009DD86C /* TPDevoucoux */,
			);
		};
/* End PBXProject section */

/* Begin PBXResourcesBuildPhase section */
		057BF1312918E722009DD86C /* Resources */ = {
			isa = PBXResourcesBuildPhase;
			buildActionMask = 2147483647;
			files = (
				057BF1432918E729009DD86C /* LaunchScreen.storyboard in Resources */,
				057BF1402918E729009DD86C /* Assets.xcassets in Resources */,
				057BF13E2918E722009DD86C /* Main.storyboard in Resources */,
			);
			runOnlyForDeploymentPostprocessing = 0;
		};
/* End PBXResourcesBuildPhase section */

/* Begin PBXSourcesBuildPhase section */
		057BF12F2918E722009DD86C /* Sources */ = {
			isa = PBXSourcesBuildPhase;
			buildActionMask = 2147483647;
			files = (
				057BF1502918EC58009DD86C /* TableViewCell.swift in Sources */,
				057BF1532918F717009DD86C /* ToDoList.swift in Sources */,
				057BF13B2918E722009DD86C /* ViewController.swift in Sources */,
				057BF14C2918E804009DD86C /* Todo.swift in Sources */,
				057BF1372918E722009DD86C /* AppDelegate.swift in Sources */,
				057BF1392918E722009DD86C /* SceneDelegate.swift in Sources */,
				05C4A3D02936151600762BC2 /* DetailViewController.swift in Sources */,
				055D3464293E2073005FE296 /* AjouterViewController.swift in Sources */,
			);
			runOnlyForDeploymentPostprocessing = 0;
		};
/* End PBXSourcesBuildPhase section */

/* Begin PBXVariantGroup section */
		057BF13C2918E722009DD86C /* Main.storyboard */ = {
			isa = PBXVariantGroup;
			children = (
				057BF13D2918E722009DD86C /* Base */,
			);
			name = Main.storyboard;
			sourceTree = "<group>";
		};
		057BF1412918E729009DD86C /* LaunchScreen.storyboard */ = {
			isa = PBXVariantGroup;
			children = (
				057BF1422918E729009DD86C /* Base */,
			);
			name = LaunchScreen.storyboard;
			sourceTree = "<group>";
		};
/* End PBXVariantGroup section */

/* Begin XCBuildConfiguration section */
		057BF1452918E729009DD86C /* Debug */ = {
			isa = XCBuildConfiguration;
			buildSettings = {
				ALWAYS_SEARCH_USER_PATHS = NO;
				CLANG_ANALYZER_NONNULL = YES;
				CLANG_ANALYZER_NUMBER_OBJECT_CONVERSION = YES_AGGRESSIVE;
				CLANG_CXX_LANGUAGE_STANDARD = "gnu++14";
				CLANG_CXX_LIBRARY = "libc++";
				CLANG_ENABLE_MODULES = YES;
				CLANG_ENABLE_OBJC_ARC = YES;
				CLANG_ENABLE_OBJC_WEAK = YES;
				CLANG_WARN_BLOCK_CAPTURE_AUTORELEASING = YES;
				CLANG_WARN_BOOL_CONVERSION = YES;
				CLANG_WARN_COMMA = YES;
				CLANG_WARN_CONSTANT_CONVERSION = YES;
				CLANG_WARN_DEPRECATED_OBJC_IMPLEMENTATIONS = YES;
				CLANG_WARN_DIRECT_OBJC_ISA_USAGE = YES_ERROR;
				CLANG_WARN_DOCUMENTATION_COMMENTS = YES;
				CLANG_WARN_EMPTY_BODY = YES;
				CLANG_WARN_ENUM_CONVERSION = YES;
				CLANG_WARN_INFINITE_RECURSION = YES;
				CLANG_WARN_INT_CONVERSION = YES;
				CLANG_WARN_NON_LITERAL_NULL_CONVERSION = YES;
				CLANG_WARN_OBJC_IMPLICIT_RETAIN_SELF = YES;
				CLANG_WARN_OBJC_LITERAL_CONVERSION = YES;
				CLANG_WARN_OBJC_ROOT_CLASS = YES_ERROR;
				CLANG_WARN_QUOTED_INCLUDE_IN_FRAMEWORK_HEADER = YES;
				CLANG_WARN_RANGE_LOOP_ANALYSIS = YES;
				CLANG_WARN_STRICT_PROTOTYPES = YES;
				CLANG_WARN_SUSPICIOUS_MOVE = YES;
				CLANG_WARN_UNGUARDED_AVAILABILITY = YES_AGGRESSIVE;
				CLANG_WARN_UNREACHABLE_CODE = YES;
				CLANG_WARN__DUPLICATE_METHOD_MATCH = YES;
				COPY_PHASE_STRIP = NO;
				DEBUG_INFORMATION_FORMAT = dwarf;
				ENABLE_STRICT_OBJC_MSGSEND = YES;
				ENABLE_TESTABILITY = YES;
				GCC_C_LANGUAGE_STANDARD = gnu11;
				GCC_DYNAMIC_NO_PIC = NO;
				GCC_NO_COMMON_BLOCKS = YES;
				GCC_OPTIMIZATION_LEVEL = 0;
				GCC_PREPROCESSOR_DEFINITIONS = (
					"DEBUG=1",
					"$(inherited)",
				);
				GCC_WARN_64_TO_32_BIT_CONVERSION = YES;
				GCC_WARN_ABOUT_RETURN_TYPE = YES_ERROR;
				GCC_WARN_UNDECLARED_SELECTOR = YES;
				GCC_WARN_UNINITIALIZED_AUTOS = YES_AGGRESSIVE;
				GCC_WARN_UNUSED_FUNCTION = YES;
				GCC_WARN_UNUSED_VARIABLE = YES;
				IPHONEOS_DEPLOYMENT_TARGET = 14.0;
				MTL_ENABLE_DEBUG_INFO = INCLUDE_SOURCE;
				MTL_FAST_MATH = YES;
				ONLY_ACTIVE_ARCH = YES;
				SDKROOT = iphoneos;
				SWIFT_ACTIVE_COMPILATION_CONDITIONS = DEBUG;
				SWIFT_OPTIMIZATION_LEVEL = "-Onone";
			};
			name = Debug;
		};
		057BF1462918E729009DD86C /* Release */ = {
			isa = XCBuildConfiguration;
			buildSettings = {
				ALWAYS_SEARCH_USER_PATHS = NO;
				CLANG_ANALYZER_NONNULL = YES;
				CLANG_ANALYZER_NUMBER_OBJECT_CONVERSION = YES_AGGRESSIVE;
				CLANG_CXX_LANGUAGE_STANDARD = "gnu++14";
				CLANG_CXX_LIBRARY = "libc++";
				CLANG_ENABLE_MODULES = YES;
				CLANG_ENABLE_OBJC_ARC = YES;
				CLANG_ENABLE_OBJC_WEAK = YES;
				CLANG_WARN_BLOCK_CAPTURE_AUTORELEASING = YES;
				CLANG_WARN_BOOL_CONVERSION = YES;
				CLANG_WARN_COMMA = YES;
				CLANG_WARN_CONSTANT_CONVERSION = YES;
				CLANG_WARN_DEPRECATED_OBJC_IMPLEMENTATIONS = YES;
				CLANG_WARN_DIRECT_OBJC_ISA_USAGE = YES_ERROR;
				CLANG_WARN_DOCUMENTATION_COMMENTS = YES;
				CLANG_WARN_EMPTY_BODY = YES;
				CLANG_WARN_ENUM_CONVERSION = YES;
				CLANG_WARN_INFINITE_RECURSION = YES;
				CLANG_WARN_INT_CONVERSION = YES;
				CLANG_WARN_NON_LITERAL_NULL_CONVERSION = YES;
				CLANG_WARN_OBJC_IMPLICIT_RETAIN_SELF = YES;
				CLANG_WARN_OBJC_LITERAL_CONVERSION = YES;
				CLANG_WARN_OBJC_ROOT_CLASS = YES_ERROR;
				CLANG_WARN_QUOTED_INCLUDE_IN_FRAMEWORK_HEADER = YES;
				CLANG_WARN_RANGE_LOOP_ANALYSIS = YES;
				CLANG_WARN_STRICT_PROTOTYPES = YES;
				CLANG_WARN_SUSPICIOUS_MOVE = YES;
				CLANG_WARN_UNGUARDED_AVAILABILITY = YES_AGGRESSIVE;
				CLANG_WARN_UNREACHABLE_CODE = YES;
				CLANG_WARN__DUPLICATE_METHOD_MATCH = YES;
				COPY_PHASE_STRIP = NO;
				DEBUG_INFORMATION_FORMAT = "dwarf-with-dsym";
				ENABLE_NS_ASSERTIONS = NO;
				ENABLE_STRICT_OBJC_MSGSEND = YES;
				GCC_C_LANGUAGE_STANDARD = gnu11;
				GCC_NO_COMMON_BLOCKS = YES;
				GCC_WARN_64_TO_32_BIT_CONVERSION = YES;
				GCC_WARN_ABOUT_RETURN_TYPE = YES_ERROR;
				GCC_WARN_UNDECLARED_SELECTOR = YES;
				GCC_WARN_UNINITIALIZED_AUTOS = YES_AGGRESSIVE;
				GCC_WARN_UNUSED_FUNCTION = YES;
				GCC_WARN_UNUSED_VARIABLE = YES;
				IPHONEOS_DEPLOYMENT_TARGET = 14.0;
				MTL_ENABLE_DEBUG_INFO = NO;
				MTL_FAST_MATH = YES;
				SDKROOT = iphoneos;
				SWIFT_COMPILATION_MODE = wholemodule;
				SWIFT_OPTIMIZATION_LEVEL = "-O";
				VALIDATE_PRODUCT = YES;
			};
			name = Release;
		};
		057BF1482918E729009DD86C /* Debug */ = {
			isa = XCBuildConfiguration;
			buildSettings = {
				ASSETCATALOG_COMPILER_APPICON_NAME = AppIcon;
				ASSETCATALOG_COMPILER_GLOBAL_ACCENT_COLOR_NAME = AccentColor;
				CODE_SIGN_STYLE = Automatic;
				INFOPLIST_FILE = TPDevoucoux/Info.plist;
				LD_RUNPATH_SEARCH_PATHS = (
					"$(inherited)",
					"@executable_path/Frameworks",
				);
				PRODUCT_BUNDLE_IDENTIFIER = com.devoucoux.TPDevoucoux;
				PRODUCT_NAME = "$(TARGET_NAME)";
				SWIFT_VERSION = 5.0;
				TARGETED_DEVICE_FAMILY = "1,2";
			};
			name = Debug;
		};
		057BF1492918E729009DD86C /* Release */ = {
			isa = XCBuildConfiguration;
			buildSettings = {
				ASSETCATALOG_COMPILER_APPICON_NAME = AppIcon;
				ASSETCATALOG_COMPILER_GLOBAL_ACCENT_COLOR_NAME = AccentColor;
				CODE_SIGN_STYLE = Automatic;
				INFOPLIST_FILE = TPDevoucoux/Info.plist;
				LD_RUNPATH_SEARCH_PATHS = (
					"$(inherited)",
					"@executable_path/Frameworks",
				);
				PRODUCT_BUNDLE_IDENTIFIER = com.devoucoux.TPDevoucoux;
				PRODUCT_NAME = "$(TARGET_NAME)";
				SWIFT_VERSION = 5.0;
				TARGETED_DEVICE_FAMILY = "1,2";
			};
			name = Release;
		};
/* End XCBuildConfiguration section */

/* Begin XCConfigurationList section */
		057BF12E2918E722009DD86C /* Build configuration list for PBXProject "TPDevoucoux" */ = {
			isa = XCConfigurationList;
			buildConfigurations = (
				057BF1452918E729009DD86C /* Debug */,
				057BF1462918E729009DD86C /* Release */,
			);
			defaultConfigurationIsVisible = 0;
			defaultConfigurationName = Release;
		};
		057BF1472918E729009DD86C /* Build configuration list for PBXNativeTarget "TPDevoucoux" */ = {
			isa = XCConfigurationList;
			buildConfigurations = (
				057BF1482918E729009DD86C /* Debug */,
				057BF1492918E729009DD86C /* Release */,
			);
			defaultConfigurationIsVisible = 0;
			defaultConfigurationName = Release;
		};
/* End XCConfigurationList section */
	};
	rootObject = 057BF12B2918E722009DD86C /* Project object */;
}
